version = 1
requires-python = "==3.13.*"

[[package]]
name = "aiosqlite"
version = "0.20.0"
source = { registry = "https://pypi.org/simple" }
dependencies = [
    { name = "typing-extensions" },
]
sdist = { url = "https://files.pythonhosted.org/packages/0d/3a/22ff5415bf4d296c1e92b07fd746ad42c96781f13295a074d58e77747848/aiosqlite-0.20.0.tar.gz", hash = "sha256:6d35c8c256637f4672f843c31021464090805bf925385ac39473fb16eaaca3d7", size = 21691 }
wheels = [
    { url = "https://files.pythonhosted.org/packages/00/c4/c93eb22025a2de6b83263dfe3d7df2e19138e345bca6f18dba7394120930/aiosqlite-0.20.0-py3-none-any.whl", hash = "sha256:36a1deaca0cac40ebe32aac9977a6e2bbc7f5189f23f4a54d5908986729e5bd6", size = 15564 },
]

[[package]]
name = "alembic"
version = "1.13.2"
source = { registry = "https://pypi.org/simple" }
dependencies = [
    { name = "mako" },
    { name = "sqlalchemy" },
    { name = "typing-extensions" },
]
sdist = { url = "https://files.pythonhosted.org/packages/66/e2/efa88e86029cada2da5941ec664d50d9a3b2a91f5066405c6f90e5016c16/alembic-1.13.2.tar.gz", hash = "sha256:1ff0ae32975f4fd96028c39ed9bb3c867fe3af956bd7bb37343b54c9fe7445ef", size = 1206463 }
wheels = [
    { url = "https://files.pythonhosted.org/packages/df/ed/c884465c33c25451e4a5cd4acad154c29e5341e3214e220e7f3478aa4b0d/alembic-1.13.2-py3-none-any.whl", hash = "sha256:6b8733129a6224a9a711e17c99b08462dbf7cc9670ba8f2e2ae9af860ceb1953", size = 232990 },
]

[[package]]
name = "annotated-types"
version = "0.7.0"
source = { registry = "https://pypi.org/simple" }
sdist = { url = "https://files.pythonhosted.org/packages/ee/67/531ea369ba64dcff5ec9c3402f9f51bf748cec26dde048a2f973a4eea7f5/annotated_types-0.7.0.tar.gz", hash = "sha256:aff07c09a53a08bc8cfccb9c85b05f1aa9a2a6f23728d790723543408344ce89", size = 16081 }
wheels = [
    { url = "https://files.pythonhosted.org/packages/78/b6/6307fbef88d9b5ee7421e68d78a9f162e0da4900bc5f5793f6d3d0e34fb8/annotated_types-0.7.0-py3-none-any.whl", hash = "sha256:1f02e8b43a8fbbc3f3e0d4f0f4bfc8131bcb4eebe8849b8e5c773f3a1c582a53", size = 13643 },
]

[[package]]
name = "anyio"
version = "4.6.0"
source = { registry = "https://pypi.org/simple" }
dependencies = [
    { name = "idna" },
    { name = "sniffio" },
]
sdist = { url = "https://files.pythonhosted.org/packages/78/49/f3f17ec11c4a91fe79275c426658e509b07547f874b14c1a526d86a83fc8/anyio-4.6.0.tar.gz", hash = "sha256:137b4559cbb034c477165047febb6ff83f390fc3b20bf181c1fc0a728cb8beeb", size = 170983 }
wheels = [
    { url = "https://files.pythonhosted.org/packages/9e/ef/7a4f225581a0d7886ea28359179cb861d7fbcdefad29663fc1167b86f69f/anyio-4.6.0-py3-none-any.whl", hash = "sha256:c7d2e9d63e31599eeb636c8c5c03a7e108d73b345f064f1c19fdc87b79036a9a", size = 89631 },
]

[[package]]
name = "apscheduler"
version = "3.10.4"
source = { registry = "https://pypi.org/simple" }
dependencies = [
    { name = "pytz" },
    { name = "six" },
    { name = "tzlocal" },
]
sdist = { url = "https://files.pythonhosted.org/packages/5e/34/5dcb368cf89f93132d9a31bd3747962a9dc874480e54333b0c09fa7d56ac/APScheduler-3.10.4.tar.gz", hash = "sha256:e6df071b27d9be898e486bc7940a7be50b4af2e9da7c08f0744a96d4bd4cef4a", size = 100832 }
wheels = [
    { url = "https://files.pythonhosted.org/packages/13/b5/7af0cb920a476dccd612fbc9a21a3745fb29b1fcd74636078db8f7ba294c/APScheduler-3.10.4-py3-none-any.whl", hash = "sha256:fb91e8a768632a4756a585f79ec834e0e27aad5860bac7eaa523d9ccefd87661", size = 59303 },
]

[[package]]
name = "cryptg"
version = "0.5.0"
source = { registry = "https://pypi.org/simple" }
sdist = { url = "https://files.pythonhosted.org/packages/b5/fc/666d336f162f104c6c752e593050a51e5a8067b1d361e2a4bb2295b15cce/cryptg-0.5.0.tar.gz", hash = "sha256:96b5a9894e9d1e47d6fe1bae86ac61fb1eab9e2111a4c13b20a8fbd1de38c7e7", size = 13343 }
wheels = [
    { url = "https://files.pythonhosted.org/packages/5d/e5/d6675d0db070fe468ca60ae895f5fb843cb675c722ba50b8ba5df2ca2111/cryptg-0.5.0-cp313-cp313-macosx_11_0_arm64.whl", hash = "sha256:54009ecc30790d84b821c55cb07843e6687a07166ffe26d6b60bc21ccff1bc0c", size = 205087 },
    { url = "https://files.pythonhosted.org/packages/7f/93/8767e037e89aaa6e3419bd3a7b934ecae880eba11a0aa38972ec74810add/cryptg-0.5.0-cp313-cp313-manylinux_2_17_x86_64.manylinux2014_x86_64.whl", hash = "sha256:8345fcc5eecacaa9124f1fa481306c17f190a442f50f1150940c462d843de949", size = 238739 },
    { url = "https://files.pythonhosted.org/packages/34/7d/2a5a2fc0bcea917e2617691363c0ff62a88f813145c69b98edbc55d8d35d/cryptg-0.5.0-cp313-cp313-manylinux_2_5_i686.manylinux1_i686.manylinux_2_17_i686.manylinux2014_i686.whl", hash = "sha256:11d5afafc29acd2ae0289ae1e56439d1953d393f879971da11353168e275f3c4", size = 260148 },
    { url = "https://files.pythonhosted.org/packages/a2/45/3ab07032fd61f05716da42d2fa9ab78bf5c3bb6fc2129a5eb1798aa21746/cryptg-0.5.0-cp313-cp313-win32.whl", hash = "sha256:964b4a5a2cd2a3380832239caee7e7a06fc6d8e4440bd8355986a9ed56779cd5", size = 113172 },
    { url = "https://files.pythonhosted.org/packages/fc/01/18446b710d93882b3b613b84ea14e04b8c79bd571cfcc16fd95d21cbb949/cryptg-0.5.0-cp313-cp313-win_amd64.whl", hash = "sha256:fdf2c21976b7d711354508143fc05188c427df66ffbc05b1f7a04b42ba3f2e0d", size = 111255 },
]

[[package]]
name = "idna"
version = "3.10"
source = { registry = "https://pypi.org/simple" }
sdist = { url = "https://files.pythonhosted.org/packages/f1/70/7703c29685631f5a7590aa73f1f1d3fa9a380e654b86af429e0934a32f7d/idna-3.10.tar.gz", hash = "sha256:12f65c9b470abda6dc35cf8e63cc574b1c52b11df2c86030af0ac09b01b13ea9", size = 190490 }
wheels = [
    { url = "https://files.pythonhosted.org/packages/76/c6/c88e154df9c4e1a2a66ccf0005a88dfb2650c1dffb6f5ce603dfbd452ce3/idna-3.10-py3-none-any.whl", hash = "sha256:946d195a0d259cbba61165e88e65941f16e9b36ea6ddb97f00452bae8b1287d3", size = 70442 },
]

[[package]]
name = "mako"
version = "1.3.5"
source = { registry = "https://pypi.org/simple" }
dependencies = [
    { name = "markupsafe" },
]
sdist = { url = "https://files.pythonhosted.org/packages/67/03/fb5ba97ff65ce64f6d35b582aacffc26b693a98053fa831ab43a437cbddb/Mako-1.3.5.tar.gz", hash = "sha256:48dbc20568c1d276a2698b36d968fa76161bf127194907ea6fc594fa81f943bc", size = 392738 }
wheels = [
    { url = "https://files.pythonhosted.org/packages/03/62/70f5a0c2dd208f9f3f2f9afd103aec42ee4d9ad2401d78342f75e9b8da36/Mako-1.3.5-py3-none-any.whl", hash = "sha256:260f1dbc3a519453a9c856dedfe4beb4e50bd5a26d96386cb6c80856556bb91a", size = 78565 },
]

[[package]]
name = "markupsafe"
version = "2.1.5"
source = { registry = "https://pypi.org/simple" }
sdist = { url = "https://files.pythonhosted.org/packages/87/5b/aae44c6655f3801e81aa3eef09dbbf012431987ba564d7231722f68df02d/MarkupSafe-2.1.5.tar.gz", hash = "sha256:d283d37a890ba4c1ae73ffadf8046435c76e7bc2247bbb63c00bd1a709c6544b", size = 19384 }

[[package]]
name = "pyaes"
version = "1.6.1"
source = { registry = "https://pypi.org/simple" }
sdist = { url = "https://files.pythonhosted.org/packages/44/66/2c17bae31c906613795711fc78045c285048168919ace2220daa372c7d72/pyaes-1.6.1.tar.gz", hash = "sha256:02c1b1405c38d3c370b085fb952dd8bea3fadcee6411ad99f312cc129c536d8f", size = 28536 }

[[package]]
name = "pyasn1"
version = "0.6.1"
source = { registry = "https://pypi.org/simple" }
sdist = { url = "https://files.pythonhosted.org/packages/ba/e9/01f1a64245b89f039897cb0130016d79f77d52669aae6ee7b159a6c4c018/pyasn1-0.6.1.tar.gz", hash = "sha256:6f580d2bdd84365380830acf45550f2511469f673cb4a5ae3857a3170128b034", size = 145322 }
wheels = [
    { url = "https://files.pythonhosted.org/packages/c8/f1/d6a797abb14f6283c0ddff96bbdd46937f64122b8c925cab503dd37f8214/pyasn1-0.6.1-py3-none-any.whl", hash = "sha256:0d632f46f2ba09143da3a8afe9e33fb6f92fa2320ab7e886e2d0f7672af84629", size = 83135 },
]

[[package]]
name = "pydantic"
version = "2.9.1"
source = { registry = "https://pypi.org/simple" }
dependencies = [
    { name = "annotated-types" },
    { name = "pydantic-core" },
    { name = "typing-extensions" },
]
sdist = { url = "https://files.pythonhosted.org/packages/14/15/3d989541b9c8128b96d532cfd2dd10131ddcc75a807330c00feb3d42a5bd/pydantic-2.9.1.tar.gz", hash = "sha256:1363c7d975c7036df0db2b4a61f2e062fbc0aa5ab5f2772e0ffc7191a4f4bce2", size = 768511 }
wheels = [
    { url = "https://files.pythonhosted.org/packages/e4/28/fff23284071bc1ba419635c7e86561c8b9b8cf62a5bcb459b92d7625fd38/pydantic-2.9.1-py3-none-any.whl", hash = "sha256:7aff4db5fdf3cf573d4b3c30926a510a10e19a0774d38fc4967f78beb6deb612", size = 434363 },
]

[[package]]
name = "pydantic-core"
version = "2.23.3"
source = { registry = "https://pypi.org/simple" }
dependencies = [
    { name = "typing-extensions" },
]
sdist = { url = "https://files.pythonhosted.org/packages/5c/cc/07bec3fb337ff80eacd6028745bd858b9642f61ee58cfdbfb64451c1def0/pydantic_core-2.23.3.tar.gz", hash = "sha256:3cb0f65d8b4121c1b015c60104a685feb929a29d7cf204387c7f2688c7974690", size = 402277 }
wheels = [
    { url = "https://files.pythonhosted.org/packages/e1/3c/32958c0a5d1935591b58337037a1695782e61261582d93d5a7f55441f879/pydantic_core-2.23.3-cp313-cp313-macosx_10_12_x86_64.whl", hash = "sha256:6daaf5b1ba1369a22c8b050b643250e3e5efc6a78366d323294aee54953a4d5f", size = 1845068 },
    { url = "https://files.pythonhosted.org/packages/92/a1/7e628e19b78e6ffdb2c92cccbb7eca84bfd3276cee4cafcae8833452f458/pydantic_core-2.23.3-cp313-cp313-macosx_11_0_arm64.whl", hash = "sha256:d015e63b985a78a3d4ccffd3bdf22b7c20b3bbd4b8227809b3e8e75bc37f9cb2", size = 1770095 },
    { url = "https://files.pythonhosted.org/packages/bb/17/d15fd8ce143cd1abb27be924eeff3c5c0fe3b0582f703c5a5273c11e67ce/pydantic_core-2.23.3-cp313-cp313-manylinux_2_17_aarch64.manylinux2014_aarch64.whl", hash = "sha256:a3fc572d9b5b5cfe13f8e8a6e26271d5d13f80173724b738557a8c7f3a8a3791", size = 1790964 },
    { url = "https://files.pythonhosted.org/packages/24/cc/37feff1792f09dc33207fbad3897373229279d1973c211f9562abfdf137d/pydantic_core-2.23.3-cp313-cp313-manylinux_2_17_armv7l.manylinux2014_armv7l.whl", hash = "sha256:f6bd91345b5163ee7448bee201ed7dd601ca24f43f439109b0212e296eb5b423", size = 1802384 },
    { url = "https://files.pythonhosted.org/packages/44/d8/ca9acd7f5f044d9ff6e43d7f35aab4b1d5982b4773761eabe3317fc68e30/pydantic_core-2.23.3-cp313-cp313-manylinux_2_17_ppc64le.manylinux2014_ppc64le.whl", hash = "sha256:fc379c73fd66606628b866f661e8785088afe2adaba78e6bbe80796baf708a63", size = 1997824 },
    { url = "https://files.pythonhosted.org/packages/35/0f/146269dba21b10d5bf86f9a7a7bbeab4ce1db06f466a1ab5ec3dec68b409/pydantic_core-2.23.3-cp313-cp313-manylinux_2_17_s390x.manylinux2014_s390x.whl", hash = "sha256:fbdce4b47592f9e296e19ac31667daed8753c8367ebb34b9a9bd89dacaa299c9", size = 2662907 },
    { url = "https://files.pythonhosted.org/packages/5a/7d/9573f006e39cd1a7b7716d1a264e3f4f353cf0a6042c04c01c6e31666f62/pydantic_core-2.23.3-cp313-cp313-manylinux_2_17_x86_64.manylinux2014_x86_64.whl", hash = "sha256:fc3cf31edf405a161a0adad83246568647c54404739b614b1ff43dad2b02e6d5", size = 2073953 },
    { url = "https://files.pythonhosted.org/packages/7e/a5/25200aaafd1e97e2ec3c1eb4b357669dd93911f2eba252bc60b6ba884fff/pydantic_core-2.23.3-cp313-cp313-manylinux_2_5_i686.manylinux1_i686.whl", hash = "sha256:8e22b477bf90db71c156f89a55bfe4d25177b81fce4aa09294d9e805eec13855", size = 1917822 },
    { url = "https://files.pythonhosted.org/packages/3e/b4/ac069c58e3cee70c69f03693222cc173fdf740d20d53167bceafc1efc7ca/pydantic_core-2.23.3-cp313-cp313-musllinux_1_1_aarch64.whl", hash = "sha256:0a0137ddf462575d9bce863c4c95bac3493ba8e22f8c28ca94634b4a1d3e2bb4", size = 1968838 },
    { url = "https://files.pythonhosted.org/packages/d1/3d/9f96bbd6212b4b0a6dc6d037e446208d3420baba2b2b81e544094b18a859/pydantic_core-2.23.3-cp313-cp313-musllinux_1_1_x86_64.whl", hash = "sha256:203171e48946c3164fe7691fc349c79241ff8f28306abd4cad5f4f75ed80bc8d", size = 2121468 },
    { url = "https://files.pythonhosted.org/packages/ac/50/7399d536d6600d69059a87fff89861332c97a7b3471327a3663c7576e707/pydantic_core-2.23.3-cp313-none-win32.whl", hash = "sha256:76bdab0de4acb3f119c2a4bff740e0c7dc2e6de7692774620f7452ce11ca76c8", size = 1725373 },
    { url = "https://files.pythonhosted.org/packages/24/ba/9ac8744ab636c1161c598cc5e8261379b6b0f1d63c31242bf9d5ed41ed32/pydantic_core-2.23.3-cp313-none-win_amd64.whl", hash = "sha256:37ba321ac2a46100c578a92e9a6aa33afe9ec99ffa084424291d84e456f490c1", size = 1920594 },
]

[[package]]
name = "pydantic-settings"
version = "2.5.2"
source = { registry = "https://pypi.org/simple" }
dependencies = [
    { name = "pydantic" },
    { name = "python-dotenv" },
]
sdist = { url = "https://files.pythonhosted.org/packages/68/27/0bed9dd26b93328b60a1402febc780e7be72b42847fa8b5c94b7d0aeb6d1/pydantic_settings-2.5.2.tar.gz", hash = "sha256:f90b139682bee4d2065273d5185d71d37ea46cfe57e1b5ae184fc6a0b2484ca0", size = 70938 }
wheels = [
    { url = "https://files.pythonhosted.org/packages/29/8d/29e82e333f32d9e2051c10764b906c2a6cd140992910b5f49762790911ba/pydantic_settings-2.5.2-py3-none-any.whl", hash = "sha256:2c912e55fd5794a59bf8c832b9de832dcfdf4778d79ff79b708744eed499a907", size = 26864 },
]

[[package]]
name = "python-dotenv"
version = "1.0.1"
source = { registry = "https://pypi.org/simple" }
sdist = { url = "https://files.pythonhosted.org/packages/bc/57/e84d88dfe0aec03b7a2d4327012c1627ab5f03652216c63d49846d7a6c58/python-dotenv-1.0.1.tar.gz", hash = "sha256:e324ee90a023d808f1959c46bcbc04446a10ced277783dc6ee09987c37ec10ca", size = 39115 }
wheels = [
    { url = "https://files.pythonhosted.org/packages/6a/3e/b68c118422ec867fa7ab88444e1274aa40681c606d59ac27de5a5588f082/python_dotenv-1.0.1-py3-none-any.whl", hash = "sha256:f7b63ef50f1b690dddf550d03497b66d609393b40b564ed0d674909a68ebf16a", size = 19863 },
]

[[package]]
name = "pytz"
version = "2024.2"
source = { registry = "https://pypi.org/simple" }
sdist = { url = "https://files.pythonhosted.org/packages/3a/31/3c70bf7603cc2dca0f19bdc53b4537a797747a58875b552c8c413d963a3f/pytz-2024.2.tar.gz", hash = "sha256:2aa355083c50a0f93fa581709deac0c9ad65cca8a9e9beac660adcbd493c798a", size = 319692 }
wheels = [
    { url = "https://files.pythonhosted.org/packages/11/c3/005fcca25ce078d2cc29fd559379817424e94885510568bc1bc53d7d5846/pytz-2024.2-py2.py3-none-any.whl", hash = "sha256:31c7c1817eb7fae7ca4b8c7ee50c72f93aa2dd863de768e1ef4245d426aa0725", size = 508002 },
]

[[package]]
name = "rsa"
version = "4.9"
source = { registry = "https://pypi.org/simple" }
dependencies = [
    { name = "pyasn1" },
]
sdist = { url = "https://files.pythonhosted.org/packages/aa/65/7d973b89c4d2351d7fb232c2e452547ddfa243e93131e7cfa766da627b52/rsa-4.9.tar.gz", hash = "sha256:e38464a49c6c85d7f1351b0126661487a7e0a14a50f1675ec50eb34d4f20ef21", size = 29711 }
wheels = [
    { url = "https://files.pythonhosted.org/packages/49/97/fa78e3d2f65c02c8e1268b9aba606569fe97f6c8f7c2d74394553347c145/rsa-4.9-py3-none-any.whl", hash = "sha256:90260d9058e514786967344d0ef75fa8727eed8a7d2e43ce9f4bcf1b536174f7", size = 34315 },
]

[[package]]
name = "six"
version = "1.16.0"
source = { registry = "https://pypi.org/simple" }
sdist = { url = "https://files.pythonhosted.org/packages/71/39/171f1c67cd00715f190ba0b100d606d440a28c93c7714febeca8b79af85e/six-1.16.0.tar.gz", hash = "sha256:1e61c37477a1626458e36f7b1d82aa5c9b094fa4802892072e49de9c60c4c926", size = 34041 }
wheels = [
    { url = "https://files.pythonhosted.org/packages/d9/5a/e7c31adbe875f2abbb91bd84cf2dc52d792b5a01506781dbcf25c91daf11/six-1.16.0-py2.py3-none-any.whl", hash = "sha256:8abb2f1d86890a2dfb989f9a77cfcfd3e47c2a354b01111771326f8aa26e0254", size = 11053 },
]

[[package]]
name = "sniffio"
version = "1.3.1"
source = { registry = "https://pypi.org/simple" }
sdist = { url = "https://files.pythonhosted.org/packages/a2/87/a6771e1546d97e7e041b6ae58d80074f81b7d5121207425c964ddf5cfdbd/sniffio-1.3.1.tar.gz", hash = "sha256:f4324edc670a0f49750a81b895f35c3adb843cca46f0530f79fc1babb23789dc", size = 20372 }
wheels = [
    { url = "https://files.pythonhosted.org/packages/e9/44/75a9c9421471a6c4805dbf2356f7c181a29c1879239abab1ea2cc8f38b40/sniffio-1.3.1-py3-none-any.whl", hash = "sha256:2f6da418d1f1e0fddd844478f41680e794e6051915791a034ff65e5f100525a2", size = 10235 },
]

[[package]]
name = "sqlalchemy"
version = "2.0.35"
source = { registry = "https://pypi.org/simple" }
dependencies = [
    { name = "typing-extensions" },
]
sdist = { url = "https://files.pythonhosted.org/packages/36/48/4f190a83525f5cefefa44f6adc9e6386c4de5218d686c27eda92eb1f5424/sqlalchemy-2.0.35.tar.gz", hash = "sha256:e11d7ea4d24f0a262bccf9a7cd6284c976c5369dac21db237cff59586045ab9f", size = 9562798 }
wheels = [
    { url = "https://files.pythonhosted.org/packages/0e/c6/33c706449cdd92b1b6d756b247761e27d32230fd6b2de5f44c4c3e5632b2/SQLAlchemy-2.0.35-py3-none-any.whl", hash = "sha256:2ab3f0336c0387662ce6221ad30ab3a5e6499aab01b9790879b6578fd9b8faa1", size = 1881276 },
]

[[package]]
name = "telethon"
version = "1.36.0"
source = { registry = "https://pypi.org/simple" }
dependencies = [
    { name = "pyaes" },
    { name = "rsa" },
]
sdist = { url = "https://files.pythonhosted.org/packages/7c/22/30ba05af24c8209f859cecccfaa5943b7a6ed39070da515b9e6b56738b20/Telethon-1.36.0.tar.gz", hash = "sha256:11db5c7ed7e37f1272d443fb7eea0f1db580d56c6949165233946fb323aaf3a7", size = 606300 }

[[package]]
name = "tg-active-chats-counter"
version = "0.1.0"
source = { virtual = "." }
dependencies = [
    { name = "aiosqlite" },
    { name = "alembic" },
    { name = "apscheduler" },
    { name = "cryptg" },
    { name = "pydantic-settings" },
    { name = "sqlalchemy" },
    { name = "telethon" },
    { name = "watchfiles" },
]

[package.metadata]
requires-dist = [
    { name = "aiosqlite", specifier = "==0.20.0" },
    { name = "alembic", specifier = "==1.13.2" },
    { name = "apscheduler", specifier = ">=3.10.4" },
    { name = "cryptg", specifier = "==0.5.0" },
    { name = "pydantic-settings", specifier = "==2.5.2" },
    { name = "sqlalchemy", specifier = ">=2.0.35,<2.1" },
    { name = "telethon", specifier = "==1.36.0" },
    { name = "watchfiles", specifier = "==0.24.0" },
]

[[package]]
name = "typing-extensions"
version = "4.12.2"
source = { registry = "https://pypi.org/simple" }
sdist = { url = "https://files.pythonhosted.org/packages/df/db/f35a00659bc03fec321ba8bce9420de607a1d37f8342eee1863174c69557/typing_extensions-4.12.2.tar.gz", hash = "sha256:1a7ead55c7e559dd4dee8856e3a88b41225abfe1ce8df57b7c13915fe121ffb8", size = 85321 }
wheels = [
    { url = "https://files.pythonhosted.org/packages/26/9f/ad63fc0248c5379346306f8668cda6e2e2e9c95e01216d2b8ffd9ff037d0/typing_extensions-4.12.2-py3-none-any.whl", hash = "sha256:04e5ca0351e0f3f85c6853954072df659d0d13fac324d0072316b67d7794700d", size = 37438 },
]

[[package]]
name = "tzdata"
version = "2024.1"
source = { registry = "https://pypi.org/simple" }
sdist = { url = "https://files.pythonhosted.org/packages/74/5b/e025d02cb3b66b7b76093404392d4b44343c69101cc85f4d180dd5784717/tzdata-2024.1.tar.gz", hash = "sha256:2674120f8d891909751c38abcdfd386ac0a5a1127954fbc332af6b5ceae07efd", size = 190559 }
wheels = [
    { url = "https://files.pythonhosted.org/packages/65/58/f9c9e6be752e9fcb8b6a0ee9fb87e6e7a1f6bcab2cdc73f02bb7ba91ada0/tzdata-2024.1-py2.py3-none-any.whl", hash = "sha256:9068bc196136463f5245e51efda838afa15aaeca9903f49050dfa2679db4d252", size = 345370 },
]

[[package]]
name = "tzlocal"
version = "5.2"
source = { registry = "https://pypi.org/simple" }
dependencies = [
    { name = "tzdata", marker = "platform_system == 'Windows'" },
]
sdist = { url = "https://files.pythonhosted.org/packages/04/d3/c19d65ae67636fe63953b20c2e4a8ced4497ea232c43ff8d01db16de8dc0/tzlocal-5.2.tar.gz", hash = "sha256:8d399205578f1a9342816409cc1e46a93ebd5755e39ea2d85334bea911bf0e6e", size = 30201 }
wheels = [
    { url = "https://files.pythonhosted.org/packages/97/3f/c4c51c55ff8487f2e6d0e618dba917e3c3ee2caae6cf0fbb59c9b1876f2e/tzlocal-5.2-py3-none-any.whl", hash = "sha256:49816ef2fe65ea8ac19d19aa7a1ae0551c834303d5014c6d5a62e4cbda8047b8", size = 17859 },
]

[[package]]
name = "watchfiles"
version = "0.24.0"
source = { registry = "https://pypi.org/simple" }
dependencies = [
    { name = "anyio" },
]
sdist = { url = "https://files.pythonhosted.org/packages/c8/27/2ba23c8cc85796e2d41976439b08d52f691655fdb9401362099502d1f0cf/watchfiles-0.24.0.tar.gz", hash = "sha256:afb72325b74fa7a428c009c1b8be4b4d7c2afedafb2982827ef2156646df2fe1", size = 37870 }
wheels = [
    { url = "https://files.pythonhosted.org/packages/30/dc/6e9f5447ae14f645532468a84323a942996d74d5e817837a5c8ce9d16c69/watchfiles-0.24.0-cp313-cp313-macosx_10_12_x86_64.whl", hash = "sha256:3d2e3ab79a1771c530233cadfd277fcc762656d50836c77abb2e5e72b88e3a48", size = 373764 },
    { url = "https://files.pythonhosted.org/packages/79/c0/c3a9929c372816c7fc87d8149bd722608ea58dc0986d3ef7564c79ad7112/watchfiles-0.24.0-cp313-cp313-macosx_11_0_arm64.whl", hash = "sha256:327763da824817b38ad125dcd97595f942d720d32d879f6c4ddf843e3da3fe90", size = 367873 },
    { url = "https://files.pythonhosted.org/packages/2e/11/ff9a4445a7cfc1c98caf99042df38964af12eed47d496dd5d0d90417349f/watchfiles-0.24.0-cp313-cp313-manylinux_2_17_aarch64.manylinux2014_aarch64.whl", hash = "sha256:bd82010f8ab451dabe36054a1622870166a67cf3fce894f68895db6f74bbdc94", size = 438381 },
    { url = "https://files.pythonhosted.org/packages/48/a3/763ba18c98211d7bb6c0f417b2d7946d346cdc359d585cc28a17b48e964b/watchfiles-0.24.0-cp313-cp313-manylinux_2_17_armv7l.manylinux2014_armv7l.whl", hash = "sha256:d64ba08db72e5dfd5c33be1e1e687d5e4fcce09219e8aee893a4862034081d4e", size = 432809 },
    { url = "https://files.pythonhosted.org/packages/30/4c/616c111b9d40eea2547489abaf4ffc84511e86888a166d3a4522c2ba44b5/watchfiles-0.24.0-cp313-cp313-manylinux_2_17_i686.manylinux2014_i686.whl", hash = "sha256:1cf1f6dd7825053f3d98f6d33f6464ebdd9ee95acd74ba2c34e183086900a827", size = 451801 },
    { url = "https://files.pythonhosted.org/packages/b6/be/d7da83307863a422abbfeb12903a76e43200c90ebe5d6afd6a59d158edea/watchfiles-0.24.0-cp313-cp313-manylinux_2_17_ppc64le.manylinux2014_ppc64le.whl", hash = "sha256:43e3e37c15a8b6fe00c1bce2473cfa8eb3484bbeecf3aefbf259227e487a03df", size = 468886 },
    { url = "https://files.pythonhosted.org/packages/1d/d3/3dfe131ee59d5e90b932cf56aba5c996309d94dafe3d02d204364c23461c/watchfiles-0.24.0-cp313-cp313-manylinux_2_17_s390x.manylinux2014_s390x.whl", hash = "sha256:88bcd4d0fe1d8ff43675360a72def210ebad3f3f72cabfeac08d825d2639b4ab", size = 472973 },
    { url = "https://files.pythonhosted.org/packages/42/6c/279288cc5653a289290d183b60a6d80e05f439d5bfdfaf2d113738d0f932/watchfiles-0.24.0-cp313-cp313-manylinux_2_17_x86_64.manylinux2014_x86_64.whl", hash = "sha256:999928c6434372fde16c8f27143d3e97201160b48a614071261701615a2a156f", size = 425282 },
    { url = "https://files.pythonhosted.org/packages/d6/d7/58afe5e85217e845edf26d8780c2d2d2ae77675eeb8d1b8b8121d799ce52/watchfiles-0.24.0-cp313-cp313-musllinux_1_1_aarch64.whl", hash = "sha256:30bbd525c3262fd9f4b1865cb8d88e21161366561cd7c9e1194819e0a33ea86b", size = 612540 },
    { url = "https://files.pythonhosted.org/packages/6d/d5/b96eeb9fe3fda137200dd2f31553670cbc731b1e13164fd69b49870b76ec/watchfiles-0.24.0-cp313-cp313-musllinux_1_1_x86_64.whl", hash = "sha256:edf71b01dec9f766fb285b73930f95f730bb0943500ba0566ae234b5c1618c18", size = 593625 },
    { url = "https://files.pythonhosted.org/packages/c1/e5/c326fe52ee0054107267608d8cea275e80be4455b6079491dfd9da29f46f/watchfiles-0.24.0-cp313-none-win32.whl", hash = "sha256:f4c96283fca3ee09fb044f02156d9570d156698bc3734252175a38f0e8975f07", size = 263899 },
    { url = "https://files.pythonhosted.org/packages/a6/8b/8a7755c5e7221bb35fe4af2dc44db9174f90ebf0344fd5e9b1e8b42d381e/watchfiles-0.24.0-cp313-none-win_amd64.whl", hash = "sha256:a974231b4fdd1bb7f62064a0565a6b107d27d21d9acb50c484d2cdba515b9366", size = 276622 },
]
